// !$*UTF8*$!
{
	archiveVersion = 1;
	classes = {
	};
	objectVersion = 50;
	objects = {

/* Begin PBXBuildFile section */
		18259DD421E58BF800F0DA66 /* AppDelegate.swift in Sources */ = {isa = PBXBuildFile; fileRef = 18259DD321E58BF800F0DA66 /* AppDelegate.swift */; };
		18259DD621E58BF800F0DA66 /* MealViewController.swift in Sources */ = {isa = PBXBuildFile; fileRef = 18259DD521E58BF800F0DA66 /* MealViewController.swift */; };
		18259DD921E58BF800F0DA66 /* Main.storyboard in Resources */ = {isa = PBXBuildFile; fileRef = 18259DD721E58BF800F0DA66 /* Main.storyboard */; };
		18259DDB21E58BF900F0DA66 /* Assets.xcassets in Resources */ = {isa = PBXBuildFile; fileRef = 18259DDA21E58BF900F0DA66 /* Assets.xcassets */; };
		18259DDE21E58BF900F0DA66 /* LaunchScreen.storyboard in Resources */ = {isa = PBXBuildFile; fileRef = 18259DDC21E58BF900F0DA66 /* LaunchScreen.storyboard */; };
		18259DE921E58BF900F0DA66 /* FoodTrackerTests.swift in Sources */ = {isa = PBXBuildFile; fileRef = 18259DE821E58BF900F0DA66 /* FoodTrackerTests.swift */; };
		18259DF421E58BF900F0DA66 /* FoodTrackerUITests.swift in Sources */ = {isa = PBXBuildFile; fileRef = 18259DF321E58BF900F0DA66 /* FoodTrackerUITests.swift */; };
		CE0C4F8F21E725FE002DD904 /* MealTableViewCell.swift in Sources */ = {isa = PBXBuildFile; fileRef = CE0C4F8E21E725FE002DD904 /* MealTableViewCell.swift */; };
		CE0C4F9221E728C9002DD904 /* MealTableViewController.swift in Sources */ = {isa = PBXBuildFile; fileRef = CE0C4F9121E728C9002DD904 /* MealTableViewController.swift */; };
		CE59D07B21E6EF1A0007FA42 /* Meal.swift in Sources */ = {isa = PBXBuildFile; fileRef = CE59D07A21E6EF1A0007FA42 /* Meal.swift */; };
		CE9110C221E5FD7A00F777F4 /* RatingControl.swift in Sources */ = {isa = PBXBuildFile; fileRef = CE9110C121E5FD7A00F777F4 /* RatingControl.swift */; };
/* End PBXBuildFile section */

/* Begin PBXContainerItemProxy section */
		18259DE521E58BF900F0DA66 /* PBXContainerItemProxy */ = {
			isa = PBXContainerItemProxy;
			containerPortal = 18259DC821E58BF700F0DA66 /* Project object */;
			proxyType = 1;
			remoteGlobalIDString = 18259DCF21E58BF700F0DA66;
			remoteInfo = FoodTracker;
		};
		18259DF021E58BF900F0DA66 /* PBXContainerItemProxy */ = {
			isa = PBXContainerItemProxy;
			containerPortal = 18259DC821E58BF700F0DA66 /* Project object */;
			proxyType = 1;
			remoteGlobalIDString = 18259DCF21E58BF700F0DA66;
			remoteInfo = FoodTracker;
		};
/* End PBXContainerItemProxy section */

/* Begin PBXFileReference section */
		18259DD021E58BF800F0DA66 /* FoodTracker.app */ = {isa = PBXFileReference; explicitFileType = wrapper.application; includeInIndex = 0; path = FoodTracker.app; sourceTree = BUILT_PRODUCTS_DIR; };
		18259DD321E58BF800F0DA66 /* AppDelegate.swift */ = {isa = PBXFileReference; lastKnownFileType = sourcecode.swift; path = AppDelegate.swift; sourceTree = "<group>"; };
		18259DD521E58BF800F0DA66 /* MealViewController.swift */ = {isa = PBXFileReference; lastKnownFileType = sourcecode.swift; path = MealViewController.swift; sourceTree = "<group>"; };
		18259DD821E58BF800F0DA66 /* Base */ = {isa = PBXFileReference; lastKnownFileType = file.storyboard; name = Base; path = Base.lproj/Main.storyboard; sourceTree = "<group>"; };
		18259DDA21E58BF900F0DA66 /* Assets.xcassets */ = {isa = PBXFileReference; lastKnownFileType = folder.assetcatalog; path = Assets.xcassets; sourceTree = "<group>"; };
		18259DDD21E58BF900F0DA66 /* Base */ = {isa = PBXFileReference; lastKnownFileType = file.storyboard; name = Base; path = Base.lproj/LaunchScreen.storyboard; sourceTree = "<group>"; };
		18259DDF21E58BF900F0DA66 /* Info.plist */ = {isa = PBXFileReference; lastKnownFileType = text.plist.xml; path = Info.plist; sourceTree = "<group>"; };
		18259DE421E58BF900F0DA66 /* FoodTrackerTests.xctest */ = {isa = PBXFileReference; explicitFileType = wrapper.cfbundle; includeInIndex = 0; path = FoodTrackerTests.xctest; sourceTree = BUILT_PRODUCTS_DIR; };
		18259DE821E58BF900F0DA66 /* FoodTrackerTests.swift */ = {isa = PBXFileReference; lastKnownFileType = sourcecode.swift; path = FoodTrackerTests.swift; sourceTree = "<group>"; };
		18259DEA21E58BF900F0DA66 /* Info.plist */ = {isa = PBXFileReference; lastKnownFileType = text.plist.xml; path = Info.plist; sourceTree = "<group>"; };
		18259DEF21E58BF900F0DA66 /* FoodTrackerUITests.xctest */ = {isa = PBXFileReference; explicitFileType = wrapper.cfbundle; includeInIndex = 0; path = FoodTrackerUITests.xctest; sourceTree = BUILT_PRODUCTS_DIR; };
		18259DF321E58BF900F0DA66 /* FoodTrackerUITests.swift */ = {isa = PBXFileReference; lastKnownFileType = sourcecode.swift; path = FoodTrackerUITests.swift; sourceTree = "<group>"; };
		18259DF521E58BF900F0DA66 /* Info.plist */ = {isa = PBXFileReference; lastKnownFileType = text.plist.xml; path = Info.plist; sourceTree = "<group>"; };
		CE0C4F8E21E725FE002DD904 /* MealTableViewCell.swift */ = {isa = PBXFileReference; lastKnownFileType = sourcecode.swift; path = MealTableViewCell.swift; sourceTree = "<group>"; };
		CE0C4F9121E728C9002DD904 /* MealTableViewController.swift */ = {isa = PBXFileReference; lastKnownFileType = sourcecode.swift; path = MealTableViewController.swift; sourceTree = "<group>"; };
		CE59D07A21E6EF1A0007FA42 /* Meal.swift */ = {isa = PBXFileReference; lastKnownFileType = sourcecode.swift; path = Meal.swift; sourceTree = "<group>"; };
		CE9110C121E5FD7A00F777F4 /* RatingControl.swift */ = {isa = PBXFileReference; lastKnownFileType = sourcecode.swift; path = RatingControl.swift; sourceTree = "<group>"; };
/* End PBXFileReference section */

/* Begin PBXFrameworksBuildPhase section */
		18259DCD21E58BF700F0DA66 /* Frameworks */ = {
			isa = PBXFrameworksBuildPhase;
			buildActionMask = 2147483647;
			files = (
			);
			runOnlyForDeploymentPostprocessing = 0;
		};
		18259DE121E58BF900F0DA66 /* Frameworks */ = {
			isa = PBXFrameworksBuildPhase;
			buildActionMask = 2147483647;
			files = (
			);
			runOnlyForDeploymentPostprocessing = 0;
		};
		18259DEC21E58BF900F0DA66 /* Frameworks */ = {
			isa = PBXFrameworksBuildPhase;
			buildActionMask = 2147483647;
			files = (
			);
			runOnlyForDeploymentPostprocessing = 0;
		};
/* End PBXFrameworksBuildPhase section */

/* Begin PBXGroup section */
		18259DC721E58BF700F0DA66 = {
			isa = PBXGroup;
			children = (
				18259DD221E58BF800F0DA66 /* FoodTracker */,
				18259DE721E58BF900F0DA66 /* FoodTrackerTests */,
				18259DF221E58BF900F0DA66 /* FoodTrackerUITests */,
				18259DD121E58BF800F0DA66 /* Products */,
			);
			sourceTree = "<group>";
		};
		18259DD121E58BF800F0DA66 /* Products */ = {
			isa = PBXGroup;
			children = (
				18259DD021E58BF800F0DA66 /* FoodTracker.app */,
				18259DE421E58BF900F0DA66 /* FoodTrackerTests.xctest */,
				18259DEF21E58BF900F0DA66 /* FoodTrackerUITests.xctest */,
			);
			name = Products;
			sourceTree = "<group>";
		};
		18259DD221E58BF800F0DA66 /* FoodTracker */ = {
			isa = PBXGroup;
			children = (
				18259DD321E58BF800F0DA66 /* AppDelegate.swift */,
				18259DD521E58BF800F0DA66 /* MealViewController.swift */,
				CE9110C121E5FD7A00F777F4 /* RatingControl.swift */,
				CE59D07A21E6EF1A0007FA42 /* Meal.swift */,
				CE0C4F8E21E725FE002DD904 /* MealTableViewCell.swift */,
				CE0C4F9121E728C9002DD904 /* MealTableViewController.swift */,
				18259DD721E58BF800F0DA66 /* Main.storyboard */,
				18259DDA21E58BF900F0DA66 /* Assets.xcassets */,
				18259DDC21E58BF900F0DA66 /* LaunchScreen.storyboard */,
				18259DDF21E58BF900F0DA66 /* Info.plist */,
			);
			path = FoodTracker;
			sourceTree = "<group>";
		};
		18259DE721E58BF900F0DA66 /* FoodTrackerTests */ = {
			isa = PBXGroup;
			children = (
				18259DE821E58BF900F0DA66 /* FoodTrackerTests.swift */,
				18259DEA21E58BF900F0DA66 /* Info.plist */,
			);
			path = FoodTrackerTests;
			sourceTree = "<group>";
		};
		18259DF221E58BF900F0DA66 /* FoodTrackerUITests */ = {
			isa = PBXGroup;
			children = (
				18259DF321E58BF900F0DA66 /* FoodTrackerUITests.swift */,
				18259DF521E58BF900F0DA66 /* Info.plist */,
			);
			path = FoodTrackerUITests;
			sourceTree = "<group>";
		};
/* End PBXGroup section */

/* Begin PBXNativeTarget section */
		18259DCF21E58BF700F0DA66 /* FoodTracker */ = {
			isa = PBXNativeTarget;
			buildConfigurationList = 18259DF821E58BF900F0DA66 /* Build configuration list for PBXNativeTarget "FoodTracker" */;
			buildPhases = (
				18259DCC21E58BF700F0DA66 /* Sources */,
				18259DCD21E58BF700F0DA66 /* Frameworks */,
				18259DCE21E58BF700F0DA66 /* Resources */,
			);
			buildRules = (
			);
			dependencies = (
			);
			name = FoodTracker;
			productName = FoodTracker;
			productReference = 18259DD021E58BF800F0DA66 /* FoodTracker.app */;
			productType = "com.apple.product-type.application";
		};
		18259DE321E58BF900F0DA66 /* FoodTrackerTests */ = {
			isa = PBXNativeTarget;
			buildConfigurationList = 18259DFB21E58BF900F0DA66 /* Build configuration list for PBXNativeTarget "FoodTrackerTests" */;
			buildPhases = (
				18259DE021E58BF900F0DA66 /* Sources */,
				18259DE121E58BF900F0DA66 /* Frameworks */,
				18259DE221E58BF900F0DA66 /* Resources */,
			);
			buildRules = (
			);
			dependencies = (
				18259DE621E58BF900F0DA66 /* PBXTargetDependency */,
			);
			name = FoodTrackerTests;
			productName = FoodTrackerTests;
			productReference = 18259DE421E58BF900F0DA66 /* FoodTrackerTests.xctest */;
			productType = "com.apple.product-type.bundle.unit-test";
		};
		18259DEE21E58BF900F0DA66 /* FoodTrackerUITests */ = {
			isa = PBXNativeTarget;
			buildConfigurationList = 18259DFE21E58BF900F0DA66 /* Build configuration list for PBXNativeTarget "FoodTrackerUITests" */;
			buildPhases = (
				18259DEB21E58BF900F0DA66 /* Sources */,
				18259DEC21E58BF900F0DA66 /* Frameworks */,
				18259DED21E58BF900F0DA66 /* Resources */,
			);
			buildRules = (
			);
			dependencies = (
				18259DF121E58BF900F0DA66 /* PBXTargetDependency */,
			);
			name = FoodTrackerUITests;
			productName = FoodTrackerUITests;
			productReference = 18259DEF21E58BF900F0DA66 /* FoodTrackerUITests.xctest */;
			productType = "com.apple.product-type.bundle.ui-testing";
		};
/* End PBXNativeTarget section */

/* Begin PBXProject section */
		18259DC821E58BF700F0DA66 /* Project object */ = {
			isa = PBXProject;
			attributes = {
				LastSwiftUpdateCheck = 0940;
				LastUpgradeCheck = 0940;
				ORGANIZATIONNAME = Apple;
				TargetAttributes = {
					18259DCF21E58BF700F0DA66 = {
						CreatedOnToolsVersion = 9.4.1;
					};
					18259DE321E58BF900F0DA66 = {
						CreatedOnToolsVersion = 9.4.1;
						TestTargetID = 18259DCF21E58BF700F0DA66;
					};
					18259DEE21E58BF900F0DA66 = {
						CreatedOnToolsVersion = 9.4.1;
						TestTargetID = 18259DCF21E58BF700F0DA66;
					};
				};
			};
			buildConfigurationList = 18259DCB21E58BF700F0DA66 /* Build configuration list for PBXProject "FoodTracker" */;
			compatibilityVersion = "Xcode 9.3";
			developmentRegion = en;
			hasScannedForEncodings = 0;
			knownRegions = (
				en,
				Base,
			);
			mainGroup = 18259DC721E58BF700F0DA66;
			productRefGroup = 18259DD121E58BF800F0DA66 /* Products */;
			projectDirPath = "";
			projectRoot = "";
			targets = (
				18259DCF21E58BF700F0DA66 /* FoodTracker */,
				18259DE321E58BF900F0DA66 /* FoodTrackerTests */,
				18259DEE21E58BF900F0DA66 /* FoodTrackerUITests */,
			);
		};
/* End PBXProject section */

/* Begin PBXResourcesBuildPhase section */
		18259DCE21E58BF700F0DA66 /* Resources */ = {
			isa = PBXResourcesBuildPhase;
			buildActionMask = 2147483647;
			files = (
				18259DDE21E58BF900F0DA66 /* LaunchScreen.storyboard in Resources */,
				18259DDB21E58BF900F0DA66 /* Assets.xcassets in Resources */,
				18259DD921E58BF800F0DA66 /* Main.storyboard in Resources */,
			);
			runOnlyForDeploymentPostprocessing = 0;
		};
		18259DE221E58BF900F0DA66 /* Resources */ = {
			isa = PBXResourcesBuildPhase;
			buildActionMask = 2147483647;
			files = (
			);
			runOnlyForDeploymentPostprocessing = 0;
		};
		18259DED21E58BF900F0DA66 /* Resources */ = {
			isa = PBXResourcesBuildPhase;
			buildActionMask = 2147483647;
			files = (
			);
			runOnlyForDeploymentPostprocessing = 0;
		};
/* End PBXResourcesBuildPhase section */

/* Begin PBXSourcesBuildPhase section */
		18259DCC21E58BF700F0DA66 /* Sources */ = {
			isa = PBXSourcesBuildPhase;
			buildActionMask = 2147483647;
			files = (
				CE59D07B21E6EF1A0007FA42 /* Meal.swift in Sources */,
				18259DD621E58BF800F0DA66 /* MealViewController.swift in Sources */,
				CE9110C221E5FD7A00F777F4 /* RatingControl.swift in Sources */,
				18259DD421E58BF800F0DA66 /* AppDelegate.swift in Sources */,
				CE0C4F9221E728C9002DD904 /* MealTableViewController.swift in Sources */,
				CE0C4F8F21E725FE002DD904 /* MealTableViewCell.swift in Sources */,
			);
			runOnlyForDeploymentPostprocessing = 0;
		};
		18259DE021E58BF900F0DA66 /* Sources */ = {
			isa = PBXSourcesBuildPhase;
			buildActionMask = 2147483647;
			files = (
				18259DE921E58BF900F0DA66 /* FoodTrackerTests.swift in Sources */,
			);
			runOnlyForDeploymentPostprocessing = 0;
		};
		18259DEB21E58BF900F0DA66 /* Sources */ = {
			isa = PBXSourcesBuildPhase;
			buildActionMask = 2147483647;
			files = (
				18259DF421E58BF900F0DA66 /* FoodTrackerUITests.swift in Sources */,
			);
			runOnlyForDeploymentPostprocessing = 0;
		};
/* End PBXSourcesBuildPhase section */

/* Begin PBXTargetDependency section */
		18259DE621E58BF900F0DA66 /* PBXTargetDependency */ = {
			isa = PBXTargetDependency;
			target = 18259DCF21E58BF700F0DA66 /* FoodTracker */;
			targetProxy = 18259DE521E58BF900F0DA66 /* PBXContainerItemProxy */;
		};
		18259DF121E58BF900F0DA66 /* PBXTargetDependency */ = {
			isa = PBXTargetDependency;
			target = 18259DCF21E58BF700F0DA66 /* FoodTracker */;
			targetProxy = 18259DF021E58BF900F0DA66 /* PBXContainerItemProxy */;
		};
/* End PBXTargetDependency section */

/* Begin PBXVariantGroup section */
		18259DD721E58BF800F0DA66 /* Main.storyboard */ = {
			isa = PBXVariantGroup;
			children = (
				18259DD821E58BF800F0DA66 /* Base */,
			);
			name = Main.storyboard;
			sourceTree = "<group>";
		};
		18259DDC21E58BF900F0DA66 /* LaunchScreen.storyboard */ = {
			isa = PBXVariantGroup;
			children = (
				18259DDD21E58BF900F0DA66 /* Base */,
			);
			name = LaunchScreen.storyboard;
			sourceTree = "<group>";
		};
/* End PBXVariantGroup section */

/* Begin XCBuildConfiguration section */
		18259DF621E58BF900F0DA66 /* Debug */ = {
			isa = XCBuildConfiguration;
			buildSettings = {
				ALWAYS_SEARCH_USER_PATHS = NO;
				CLANG_ANALYZER_NONNULL = YES;
				CLANG_ANALYZER_NUMBER_OBJECT_CONVERSION = YES_AGGRESSIVE;
				CLANG_CXX_LANGUAGE_STANDARD = "gnu++14";
				CLANG_CXX_LIBRARY = "libc++";
				CLANG_ENABLE_MODULES = YES;
				CLANG_ENABLE_OBJC_ARC = YES;
				CLANG_ENABLE_OBJC_WEAK = YES;
				CLANG_WARN_BLOCK_CAPTURE_AUTORELEASING = YES;
				CLANG_WARN_BOOL_CONVERSION = YES;
				CLANG_WARN_COMMA = YES;
				CLANG_WARN_CONSTANT_CONVERSION = YES;
				CLANG_WARN_DEPRECATED_OBJC_IMPLEMENTATIONS = YES;
				CLANG_WARN_DIRECT_OBJC_ISA_USAGE = YES_ERROR;
				CLANG_WARN_DOCUMENTATION_COMMENTS = YES;
				CLANG_WARN_EMPTY_BODY = YES;
				CLANG_WARN_ENUM_CONVERSION = YES;
				CLANG_WARN_INFINITE_RECURSION = YES;
				CLANG_WARN_INT_CONVERSION = YES;
				CLANG_WARN_NON_LITERAL_NULL_CONVERSION = YES;
				CLANG_WARN_OBJC_IMPLICIT_RETAIN_SELF = YES;
				CLANG_WARN_OBJC_LITERAL_CONVERSION = YES;
				CLANG_WARN_OBJC_ROOT_CLASS = YES_ERROR;
				CLANG_WARN_RANGE_LOOP_ANALYSIS = YES;
				CLANG_WARN_STRICT_PROTOTYPES = YES;
				CLANG_WARN_SUSPICIOUS_MOVE = YES;
				CLANG_WARN_UNGUARDED_AVAILABILITY = YES_AGGRESSIVE;
				CLANG_WARN_UNREACHABLE_CODE = YES;
				CLANG_WARN__DUPLICATE_METHOD_MATCH = YES;
				CODE_SIGN_IDENTITY = "iPhone Developer";
				COPY_PHASE_STRIP = NO;
				DEBUG_INFORMATION_FORMAT = dwarf;
				ENABLE_STRICT_OBJC_MSGSEND = YES;
				ENABLE_TESTABILITY = YES;
				GCC_C_LANGUAGE_STANDARD = gnu11;
				GCC_DYNAMIC_NO_PIC = NO;
				GCC_NO_COMMON_BLOCKS = YES;
				GCC_OPTIMIZATION_LEVEL = 0;
				GCC_PREPROCESSOR_DEFINITIONS = (
					"DEBUG=1",
					"$(inherited)",
				);
				GCC_WARN_64_TO_32_BIT_CONVERSION = YES;
				GCC_WARN_ABOUT_RETURN_TYPE = YES_ERROR;
				GCC_WARN_UNDECLARED_SELECTOR = YES;
				GCC_WARN_UNINITIALIZED_AUTOS = YES_AGGRESSIVE;
				GCC_WARN_UNUSED_FUNCTION = YES;
				GCC_WARN_UNUSED_VARIABLE = YES;
				IPHONEOS_DEPLOYMENT_TARGET = 11.4;
				MTL_ENABLE_DEBUG_INFO = YES;
				ONLY_ACTIVE_ARCH = YES;
				SDKROOT = iphoneos;
				SWIFT_ACTIVE_COMPILATION_CONDITIONS = DEBUG;
				SWIFT_OPTIMIZATION_LEVEL = "-Onone";
			};
			name = Debug;
		};
		18259DF721E58BF900F0DA66 /* Release */ = {
			isa = XCBuildConfiguration;
			buildSettings = {
				ALWAYS_SEARCH_USER_PATHS = NO;
				CLANG_ANALYZER_NONNULL = YES;
				CLANG_ANALYZER_NUMBER_OBJECT_CONVERSION = YES_AGGRESSIVE;
				CLANG_CXX_LANGUAGE_STANDARD = "gnu++14";
				CLANG_CXX_LIBRARY = "libc++";
				CLANG_ENABLE_MODULES = YES;
				CLANG_ENABLE_OBJC_ARC = YES;
				CLANG_ENABLE_OBJC_WEAK = YES;
				CLANG_WARN_BLOCK_CAPTURE_AUTORELEASING = YES;
				CLANG_WARN_BOOL_CONVERSION = YES;
				CLANG_WARN_COMMA = YES;
				CLANG_WARN_CONSTANT_CONVERSION = YES;
				CLANG_WARN_DEPRECATED_OBJC_IMPLEMENTATIONS = YES;
				CLANG_WARN_DIRECT_OBJC_ISA_USAGE = YES_ERROR;
				CLANG_WARN_DOCUMENTATION_COMMENTS = YES;
				CLANG_WARN_EMPTY_BODY = YES;
				CLANG_WARN_ENUM_CONVERSION = YES;
				CLANG_WARN_INFINITE_RECURSION = YES;
				CLANG_WARN_INT_CONVERSION = YES;
				CLANG_WARN_NON_LITERAL_NULL_CONVERSION = YES;
				CLANG_WARN_OBJC_IMPLICIT_RETAIN_SELF = YES;
				CLANG_WARN_OBJC_LITERAL_CONVERSION = YES;
				CLANG_WARN_OBJC_ROOT_CLASS = YES_ERROR;
				CLANG_WARN_RANGE_LOOP_ANALYSIS = YES;
				CLANG_WARN_STRICT_PROTOTYPES = YES;
				CLANG_WARN_SUSPICIOUS_MOVE = YES;
				CLANG_WARN_UNGUARDED_AVAILABILITY = YES_AGGRESSIVE;
				CLANG_WARN_UNREACHABLE_CODE = YES;
				CLANG_WARN__DUPLICATE_METHOD_MATCH = YES;
				CODE_SIGN_IDENTITY = "iPhone Developer";
				COPY_PHASE_STRIP = NO;
				DEBUG_INFORMATION_FORMAT = "dwarf-with-dsym";
				ENABLE_NS_ASSERTIONS = NO;
				ENABLE_STRICT_OBJC_MSGSEND = YES;
				GCC_C_LANGUAGE_STANDARD = gnu11;
				GCC_NO_COMMON_BLOCKS = YES;
				GCC_WARN_64_TO_32_BIT_CONVERSION = YES;
				GCC_WARN_ABOUT_RETURN_TYPE = YES_ERROR;
				GCC_WARN_UNDECLARED_SELECTOR = YES;
				GCC_WARN_UNINITIALIZED_AUTOS = YES_AGGRESSIVE;
				GCC_WARN_UNUSED_FUNCTION = YES;
				GCC_WARN_UNUSED_VARIABLE = YES;
				IPHONEOS_DEPLOYMENT_TARGET = 11.4;
				MTL_ENABLE_DEBUG_INFO = NO;
				SDKROOT = iphoneos;
				SWIFT_COMPILATION_MODE = wholemodule;
				SWIFT_OPTIMIZATION_LEVEL = "-O";
				VALIDATE_PRODUCT = YES;
			};
			name = Release;
		};
		18259DF921E58BF900F0DA66 /* Debug */ = {
			isa = XCBuildConfiguration;
			buildSettings = {
				ASSETCATALOG_COMPILER_APPICON_NAME = AppIcon;
				CODE_SIGN_STYLE = Automatic;
				INFOPLIST_FILE = FoodTracker/Info.plist;
				LD_RUNPATH_SEARCH_PATHS = (
					"$(inherited)",
					"@executable_path/Frameworks",
				);
				PRODUCT_BUNDLE_IDENTIFIER = FoodTracker.FoodTracker;
				PRODUCT_NAME = "$(TARGET_NAME)";
				SWIFT_VERSION = 4.0;
				TARGETED_DEVICE_FAMILY = "1,2";
			};
			name = Debug;
		};
		18259DFA21E58BF900F0DA66 /* Release */ = {
			isa = XCBuildConfiguration;
			buildSettings = {
				ASSETCATALOG_COMPILER_APPICON_NAME = AppIcon;
				CODE_SIGN_STYLE = Automatic;
				INFOPLIST_FILE = FoodTracker/Info.plist;
				LD_RUNPATH_SEARCH_PATHS = (
					"$(inherited)",
					"@executable_path/Frameworks",
				);
				PRODUCT_BUNDLE_IDENTIFIER = FoodTracker.FoodTracker;
				PRODUCT_NAME = "$(TARGET_NAME)";
				SWIFT_VERSION = 4.0;
				TARGETED_DEVICE_FAMILY = "1,2";
			};
			name = Release;
		};
		18259DFC21E58BF900F0DA66 /* Debug */ = {
			isa = XCBuildConfiguration;
			buildSettings = {
				ALWAYS_EMBED_SWIFT_STANDARD_LIBRARIES = YES;
				BUNDLE_LOADER = "$(TEST_HOST)";
				CODE_SIGN_STYLE = Automatic;
				INFOPLIST_FILE = FoodTrackerTests/Info.plist;
				LD_RUNPATH_SEARCH_PATHS = (
					"$(inherited)",
					"@executable_path/Frameworks",
					"@loader_path/Frameworks",
				);
				PRODUCT_BUNDLE_IDENTIFIER = FoodTracker.FoodTrackerTests;
				PRODUCT_NAME = "$(TARGET_NAME)";
				SWIFT_VERSION = 4.0;
				TARGETED_DEVICE_FAMILY = "1,2";
				TEST_HOST = "$(BUILT_PRODUCTS_DIR)/FoodTracker.app/FoodTracker";
			};
			name = Debug;
		};
		18259DFD21E58BF900F0DA66 /* Release */ = {
			isa = XCBuildConfiguration;
			buildSettings = {
				ALWAYS_EMBED_SWIFT_STANDARD_LIBRARIES = YES;
				BUNDLE_LOADER = "$(TEST_HOST)";
				CODE_SIGN_STYLE = Automatic;
				INFOPLIST_FILE = FoodTrackerTests/Info.plist;
				LD_RUNPATH_SEARCH_PATHS = (
					"$(inherited)",
					"@executable_path/Frameworks",
					"@loader_path/Frameworks",
				);
				PRODUCT_BUNDLE_IDENTIFIER = FoodTracker.FoodTrackerTests;
				PRODUCT_NAME = "$(TARGET_NAME)";
				SWIFT_VERSION = 4.0;
				TARGETED_DEVICE_FAMILY = "1,2";
				TEST_HOST = "$(BUILT_PRODUCTS_DIR)/FoodTracker.app/FoodTracker";
			};
			name = Release;
		};
		18259DFF21E58BF900F0DA66 /* Debug */ = {
			isa = XCBuildConfiguration;
			buildSettings = {
				ALWAYS_EMBED_SWIFT_STANDARD_LIBRARIES = YES;
				CODE_SIGN_STYLE = Automatic;
				INFOPLIST_FILE = FoodTrackerUITests/Info.plist;
				LD_RUNPATH_SEARCH_PATHS = (
					"$(inherited)",
					"@executable_path/Frameworks",
					"@loader_path/Frameworks",
				);
				PRODUCT_BUNDLE_IDENTIFIER = FoodTracker.FoodTrackerUITests;
				PRODUCT_NAME = "$(TARGET_NAME)";
				SWIFT_VERSION = 4.0;
				TARGETED_DEVICE_FAMILY = "1,2";
				TEST_TARGET_NAME = FoodTracker;
			};
			name = Debug;
		};
		18259E0021E58BF900F0DA66 /* Release */ = {
			isa = XCBuildConfiguration;
			buildSettings = {
				ALWAYS_EMBED_SWIFT_STANDARD_LIBRARIES = YES;
				CODE_SIGN_STYLE = Automatic;
				INFOPLIST_FILE = FoodTrackerUITests/Info.plist;
				LD_RUNPATH_SEARCH_PATHS = (
					"$(inherited)",
					"@executable_path/Frameworks",
					"@loader_path/Frameworks",
				);
				PRODUCT_BUNDLE_IDENTIFIER = FoodTracker.FoodTrackerUITests;
				PRODUCT_NAME = "$(TARGET_NAME)";
				SWIFT_VERSION = 4.0;
				TARGETED_DEVICE_FAMILY = "1,2";
				TEST_TARGET_NAME = FoodTracker;
			};
			name = Release;
		};
/* End XCBuildConfiguration section */

/* Begin XCConfigurationList section */
		18259DCB21E58BF700F0DA66 /* Build configuration list for PBXProject "FoodTracker" */ = {
			isa = XCConfigurationList;
			buildConfigurations = (
				18259DF621E58BF900F0DA66 /* Debug */,
				18259DF721E58BF900F0DA66 /* Release */,
			);
			defaultConfigurationIsVisible = 0;
			defaultConfigurationName = Release;
		};
		18259DF821E58BF900F0DA66 /* Build configuration list for PBXNativeTarget "FoodTracker" */ = {
			isa = XCConfigurationList;
			buildConfigurations = (
				18259DF921E58BF900F0DA66 /* Debug */,
				18259DFA21E58BF900F0DA66 /* Release */,
			);
			defaultConfigurationIsVisible = 0;
			defaultConfigurationName = Release;
		};
		18259DFB21E58BF900F0DA66 /* Build configuration list for PBXNativeTarget "FoodTrackerTests" */ = {
			isa = XCConfigurationList;
			buildConfigurations = (
				18259DFC21E58BF900F0DA66 /* Debug */,
				18259DFD21E58BF900F0DA66 /* Release */,
			);
			defaultConfigurationIsVisible = 0;
			defaultConfigurationName = Release;
		};
		18259DFE21E58BF900F0DA66 /* Build configuration list for PBXNativeTarget "FoodTrackerUITests" */ = {
			isa = XCConfigurationList;
			buildConfigurations = (
				18259DFF21E58BF900F0DA66 /* Debug */,
				18259E0021E58BF900F0DA66 /* Release */,
			);
			defaultConfigurationIsVisible = 0;
			defaultConfigurationName = Release;
		};
/* End XCConfigurationList section */
	};
	rootObject = 18259DC821E58BF700F0DA66 /* Project object */;
}
