// !$*UTF8*$!
{
	archiveVersion = 1;
	classes = {
	};
	objectVersion = 51;
	objects = {

/* Begin PBXBuildFile section */
		18259DD421E58BF800F0DA66 /* AppDelegate.swift in Sources */ = {isa = PBXBuildFile; fileRef = 18259DD321E58BF800F0DA66 /* AppDelegate.swift */; };
		18259DD621E58BF800F0DA66 /* MealViewController.swift in Sources */ = {isa = PBXBuildFile; fileRef = 18259DD521E58BF800F0DA66 /* MealViewController.swift */; };
		18259DD921E58BF800F0DA66 /* Main.storyboard in Resources */ = {isa = PBXBuildFile; fileRef = 18259DD721E58BF800F0DA66 /* Main.storyboard */; };
		18259DDB21E58BF900F0DA66 /* Assets.xcassets in Resources */ = {isa = PBXBuildFile; fileRef = 18259DDA21E58BF900F0DA66 /* Assets.xcassets */; };
		18259DDE21E58BF900F0DA66 /* LaunchScreen.storyboard in Resources */ = {isa = PBXBuildFile; fileRef = 18259DDC21E58BF900F0DA66 /* LaunchScreen.storyboard */; };
		18259DE921E58BF900F0DA66 /* FoodTrackerTests.swift in Sources */ = {isa = PBXBuildFile; fileRef = 18259DE821E58BF900F0DA66 /* FoodTrackerTests.swift */; };
		18259DF421E58BF900F0DA66 /* FoodTrackerUITests.swift in Sources */ = {isa = PBXBuildFile; fileRef = 18259DF321E58BF900F0DA66 /* FoodTrackerUITests.swift */; };
		9BA392F2CF443BD059F6251C /* Pods_FoodTrackerTests.framework in Frameworks */ = {isa = PBXBuildFile; fileRef = 689C8C40E35AE0B8D24A3302 /* Pods_FoodTrackerTests.framework */; };
		B2A32E0BB74BB43DC2AFEA8E /* Pods_FoodTracker.framework in Frameworks */ = {isa = PBXBuildFile; fileRef = C8DDD82F72F50D8015E9F73A /* Pods_FoodTracker.framework */; };
		CE0C4F8F21E725FE002DD904 /* MealTableViewCell.swift in Sources */ = {isa = PBXBuildFile; fileRef = CE0C4F8E21E725FE002DD904 /* MealTableViewCell.swift */; };
		CE0C4F9221E728C9002DD904 /* MealTableViewControlle1r.swift in Sources */ = {isa = PBXBuildFile; fileRef = CE0C4F9121E728C9002DD904 /* MealTableViewControlle1r.swift */; };
		CE58680F25F8A9A600A84BB8 /* NSBundle+Localization.m in Sources */ = {isa = PBXBuildFile; fileRef = CE58680925F8A9A500A84BB8 /* NSBundle+Localization.m */; };
		CE58681025F8A9A600A84BB8 /* LocalizationHandlerUtil.m in Sources */ = {isa = PBXBuildFile; fileRef = CE58680B25F8A9A500A84BB8 /* LocalizationHandlerUtil.m */; };
		CE58681125F8A9A600A84BB8 /* BundleLocalization.m in Sources */ = {isa = PBXBuildFile; fileRef = CE58680E25F8A9A600A84BB8 /* BundleLocalization.m */; };
		CE58681425F8AA3300A84BB8 /* Localizable.strings in Resources */ = {isa = PBXBuildFile; fileRef = CE58681625F8AA3300A84BB8 /* Localizable.strings */; };
		CE58681B25F8AAA600A84BB8 /* VTLocalizedString.swift in Sources */ = {isa = PBXBuildFile; fileRef = CE58681A25F8AAA600A84BB8 /* VTLocalizedString.swift */; };
		CE58682925F8C13C00A84BB8 /* LoginViewController.swift in Sources */ = {isa = PBXBuildFile; fileRef = CE58682825F8C13C00A84BB8 /* LoginViewController.swift */; };
		CE58682B25F8C1A000A84BB8 /* ParticleScene.sks in Resources */ = {isa = PBXBuildFile; fileRef = CE58682A25F8C1A000A84BB8 /* ParticleScene.sks */; };
		CE58682E25F8C1B300A84BB8 /* ParticleScene.swift in Sources */ = {isa = PBXBuildFile; fileRef = CE58682D25F8C1B300A84BB8 /* ParticleScene.swift */; };
		CE58683025F8D04C00A84BB8 /* UserDefaultKey.swift in Sources */ = {isa = PBXBuildFile; fileRef = CE58682F25F8D04C00A84BB8 /* UserDefaultKey.swift */; };
		CE59D07B21E6EF1A0007FA42 /* Meal.swift in Sources */ = {isa = PBXBuildFile; fileRef = CE59D07A21E6EF1A0007FA42 /* Meal.swift */; };
		CE65097C25F9B67400C6FC17 /* EdamamFoodAndGroceryDatabaseVC.swift in Sources */ = {isa = PBXBuildFile; fileRef = CE65097B25F9B67400C6FC17 /* EdamamFoodAndGroceryDatabaseVC.swift */; };
		CE65097E25F9B75F00C6FC17 /* BaseRouter.swift in Sources */ = {isa = PBXBuildFile; fileRef = CE65097D25F9B75F00C6FC17 /* BaseRouter.swift */; };
		CE65098025F9BA3100C6FC17 /* WIFI.swift in Sources */ = {isa = PBXBuildFile; fileRef = CE65097F25F9BA3100C6FC17 /* WIFI.swift */; };
		CE65098425F9D44900C6FC17 /* SubRouter.swift in Sources */ = {isa = PBXBuildFile; fileRef = CE65098325F9D44900C6FC17 /* SubRouter.swift */; };
		CE65098625F9F03000C6FC17 /* Network.swift in Sources */ = {isa = PBXBuildFile; fileRef = CE65098525F9F03000C6FC17 /* Network.swift */; };
		CE65098825F9F0EA00C6FC17 /* URL.swift in Sources */ = {isa = PBXBuildFile; fileRef = CE65098725F9F0EA00C6FC17 /* URL.swift */; };
		CE9110C221E5FD7A00F777F4 /* RatingControl.swift in Sources */ = {isa = PBXBuildFile; fileRef = CE9110C121E5FD7A00F777F4 /* RatingControl.swift */; };
		CEF41E4D25F7248D007928A6 /* MealTableViewCell.xib in Resources */ = {isa = PBXBuildFile; fileRef = CEF41E4C25F7248D007928A6 /* MealTableViewCell.xib */; };
		CEF41E5125F72508007928A6 /* UIView.swift in Sources */ = {isa = PBXBuildFile; fileRef = CEF41E5025F72508007928A6 /* UIView.swift */; };
		CEF41E5325F72524007928A6 /* BaseTableViewCell.swift in Sources */ = {isa = PBXBuildFile; fileRef = CEF41E5225F72524007928A6 /* BaseTableViewCell.swift */; };
		CEF41E5525F72530007928A6 /* BaseViewController.swift in Sources */ = {isa = PBXBuildFile; fileRef = CEF41E5425F72530007928A6 /* BaseViewController.swift */; };
		CEF41E5725F72638007928A6 /* NewMealViewController.swift in Sources */ = {isa = PBXBuildFile; fileRef = CEF41E5625F72638007928A6 /* NewMealViewController.swift */; };
		CEF41E5925F72BCC007928A6 /* Storyboard.swift in Sources */ = {isa = PBXBuildFile; fileRef = CEF41E5825F72BCC007928A6 /* Storyboard.swift */; };
		CEF41E5C25F74268007928A6 /* MealTableViewController.swift in Sources */ = {isa = PBXBuildFile; fileRef = CEF41E5B25F74268007928A6 /* MealTableViewController.swift */; };
		CEF41E5F25F754E9007928A6 /* MealModel.swift in Sources */ = {isa = PBXBuildFile; fileRef = CEF41E5E25F754E9007928A6 /* MealModel.swift */; };
		CEF41E6125F757F8007928A6 /* Results.swift in Sources */ = {isa = PBXBuildFile; fileRef = CEF41E6025F757F8007928A6 /* Results.swift */; };
		CEF41E6325F76233007928A6 /* String.swift in Sources */ = {isa = PBXBuildFile; fileRef = CEF41E6225F76233007928A6 /* String.swift */; };
		CEF41E6525F77274007928A6 /* BaseAlert.storyboard in Resources */ = {isa = PBXBuildFile; fileRef = CEF41E6425F77274007928A6 /* BaseAlert.storyboard */; };
		CEF41E6725F772A4007928A6 /* ShowAlertViewController.swift in Sources */ = {isa = PBXBuildFile; fileRef = CEF41E6625F772A4007928A6 /* ShowAlertViewController.swift */; };
		CEF41E6925F772C6007928A6 /* AlertService.swift in Sources */ = {isa = PBXBuildFile; fileRef = CEF41E6825F772C6007928A6 /* AlertService.swift */; };
		CEF41E6B25F772EB007928A6 /* ShowAlertWithConfirm.swift in Sources */ = {isa = PBXBuildFile; fileRef = CEF41E6A25F772EB007928A6 /* ShowAlertWithConfirm.swift */; };
		D79B0CB945CEE28C54CC1458 /* Pods_FoodTracker_FoodTrackerUITests.framework in Frameworks */ = {isa = PBXBuildFile; fileRef = D4D13859FC1DA254A420B843 /* Pods_FoodTracker_FoodTrackerUITests.framework */; };
/* End PBXBuildFile section */

/* Begin PBXContainerItemProxy section */
		18259DE521E58BF900F0DA66 /* PBXContainerItemProxy */ = {
			isa = PBXContainerItemProxy;
			containerPortal = 18259DC821E58BF700F0DA66 /* Project object */;
			proxyType = 1;
			remoteGlobalIDString = 18259DCF21E58BF700F0DA66;
			remoteInfo = FoodTracker;
		};
		18259DF021E58BF900F0DA66 /* PBXContainerItemProxy */ = {
			isa = PBXContainerItemProxy;
			containerPortal = 18259DC821E58BF700F0DA66 /* Project object */;
			proxyType = 1;
			remoteGlobalIDString = 18259DCF21E58BF700F0DA66;
			remoteInfo = FoodTracker;
		};
/* End PBXContainerItemProxy section */

/* Begin PBXFileReference section */
		04A7D8941DE92684C61C88EE /* Pods-FoodTracker-FoodTrackerUITests.release.xcconfig */ = {isa = PBXFileReference; includeInIndex = 1; lastKnownFileType = text.xcconfig; name = "Pods-FoodTracker-FoodTrackerUITests.release.xcconfig"; path = "Target Support Files/Pods-FoodTracker-FoodTrackerUITests/Pods-FoodTracker-FoodTrackerUITests.release.xcconfig"; sourceTree = "<group>"; };
		18259DD021E58BF800F0DA66 /* FoodTracker.app */ = {isa = PBXFileReference; explicitFileType = wrapper.application; includeInIndex = 0; path = FoodTracker.app; sourceTree = BUILT_PRODUCTS_DIR; };
		18259DD321E58BF800F0DA66 /* AppDelegate.swift */ = {isa = PBXFileReference; lastKnownFileType = sourcecode.swift; path = AppDelegate.swift; sourceTree = "<group>"; };
		18259DD521E58BF800F0DA66 /* MealViewController.swift */ = {isa = PBXFileReference; lastKnownFileType = sourcecode.swift; path = MealViewController.swift; sourceTree = "<group>"; };
		18259DD821E58BF800F0DA66 /* Base */ = {isa = PBXFileReference; lastKnownFileType = file.storyboard; name = Base; path = Base.lproj/Main.storyboard; sourceTree = "<group>"; };
		18259DDA21E58BF900F0DA66 /* Assets.xcassets */ = {isa = PBXFileReference; lastKnownFileType = folder.assetcatalog; path = Assets.xcassets; sourceTree = "<group>"; };
		18259DDD21E58BF900F0DA66 /* Base */ = {isa = PBXFileReference; lastKnownFileType = file.storyboard; name = Base; path = Base.lproj/LaunchScreen.storyboard; sourceTree = "<group>"; };
		18259DDF21E58BF900F0DA66 /* Info.plist */ = {isa = PBXFileReference; lastKnownFileType = text.plist.xml; path = Info.plist; sourceTree = "<group>"; };
		18259DE421E58BF900F0DA66 /* FoodTrackerTests.xctest */ = {isa = PBXFileReference; explicitFileType = wrapper.cfbundle; includeInIndex = 0; path = FoodTrackerTests.xctest; sourceTree = BUILT_PRODUCTS_DIR; };
		18259DE821E58BF900F0DA66 /* FoodTrackerTests.swift */ = {isa = PBXFileReference; lastKnownFileType = sourcecode.swift; path = FoodTrackerTests.swift; sourceTree = "<group>"; };
		18259DEA21E58BF900F0DA66 /* Info.plist */ = {isa = PBXFileReference; lastKnownFileType = text.plist.xml; path = Info.plist; sourceTree = "<group>"; };
		18259DEF21E58BF900F0DA66 /* FoodTrackerUITests.xctest */ = {isa = PBXFileReference; explicitFileType = wrapper.cfbundle; includeInIndex = 0; path = FoodTrackerUITests.xctest; sourceTree = BUILT_PRODUCTS_DIR; };
		18259DF321E58BF900F0DA66 /* FoodTrackerUITests.swift */ = {isa = PBXFileReference; lastKnownFileType = sourcecode.swift; path = FoodTrackerUITests.swift; sourceTree = "<group>"; };
		18259DF521E58BF900F0DA66 /* Info.plist */ = {isa = PBXFileReference; lastKnownFileType = text.plist.xml; path = Info.plist; sourceTree = "<group>"; };
		689C8C40E35AE0B8D24A3302 /* Pods_FoodTrackerTests.framework */ = {isa = PBXFileReference; explicitFileType = wrapper.framework; includeInIndex = 0; path = Pods_FoodTrackerTests.framework; sourceTree = BUILT_PRODUCTS_DIR; };
		95D561881AFEFBC6F3982138 /* Pods-FoodTrackerTests.release.xcconfig */ = {isa = PBXFileReference; includeInIndex = 1; lastKnownFileType = text.xcconfig; name = "Pods-FoodTrackerTests.release.xcconfig"; path = "Target Support Files/Pods-FoodTrackerTests/Pods-FoodTrackerTests.release.xcconfig"; sourceTree = "<group>"; };
		B09EC83754FE5895307235E7 /* Pods-FoodTracker.release.xcconfig */ = {isa = PBXFileReference; includeInIndex = 1; lastKnownFileType = text.xcconfig; name = "Pods-FoodTracker.release.xcconfig"; path = "Target Support Files/Pods-FoodTracker/Pods-FoodTracker.release.xcconfig"; sourceTree = "<group>"; };
		BFBE1E78BB2467962A4EC402 /* Pods-FoodTrackerTests.debug.xcconfig */ = {isa = PBXFileReference; includeInIndex = 1; lastKnownFileType = text.xcconfig; name = "Pods-FoodTrackerTests.debug.xcconfig"; path = "Target Support Files/Pods-FoodTrackerTests/Pods-FoodTrackerTests.debug.xcconfig"; sourceTree = "<group>"; };
		C8DDD82F72F50D8015E9F73A /* Pods_FoodTracker.framework */ = {isa = PBXFileReference; explicitFileType = wrapper.framework; includeInIndex = 0; path = Pods_FoodTracker.framework; sourceTree = BUILT_PRODUCTS_DIR; };
		CE0C4F8E21E725FE002DD904 /* MealTableViewCell.swift */ = {isa = PBXFileReference; lastKnownFileType = sourcecode.swift; path = MealTableViewCell.swift; sourceTree = "<group>"; };
		CE0C4F9121E728C9002DD904 /* MealTableViewControlle1r.swift */ = {isa = PBXFileReference; lastKnownFileType = sourcecode.swift; path = MealTableViewControlle1r.swift; sourceTree = "<group>"; };
		CE58680625F8A95600A84BB8 /* FoodTracker-Bridging-Header.h */ = {isa = PBXFileReference; lastKnownFileType = sourcecode.c.h; path = "FoodTracker-Bridging-Header.h"; sourceTree = "<group>"; };
		CE58680925F8A9A500A84BB8 /* NSBundle+Localization.m */ = {isa = PBXFileReference; fileEncoding = 4; lastKnownFileType = sourcecode.c.objc; path = "NSBundle+Localization.m"; sourceTree = "<group>"; };
		CE58680A25F8A9A500A84BB8 /* BundleLocalization.h */ = {isa = PBXFileReference; fileEncoding = 4; lastKnownFileType = sourcecode.c.h; path = BundleLocalization.h; sourceTree = "<group>"; };
		CE58680B25F8A9A500A84BB8 /* LocalizationHandlerUtil.m */ = {isa = PBXFileReference; fileEncoding = 4; lastKnownFileType = sourcecode.c.objc; path = LocalizationHandlerUtil.m; sourceTree = "<group>"; };
		CE58680C25F8A9A600A84BB8 /* LocalizationHandlerUtil.h */ = {isa = PBXFileReference; fileEncoding = 4; lastKnownFileType = sourcecode.c.h; path = LocalizationHandlerUtil.h; sourceTree = "<group>"; };
		CE58680D25F8A9A600A84BB8 /* NSBundle+Localization.h */ = {isa = PBXFileReference; fileEncoding = 4; lastKnownFileType = sourcecode.c.h; path = "NSBundle+Localization.h"; sourceTree = "<group>"; };
		CE58680E25F8A9A600A84BB8 /* BundleLocalization.m */ = {isa = PBXFileReference; fileEncoding = 4; lastKnownFileType = sourcecode.c.objc; path = BundleLocalization.m; sourceTree = "<group>"; };
		CE58681525F8AA3300A84BB8 /* en */ = {isa = PBXFileReference; lastKnownFileType = text.plist.strings; name = en; path = en.lproj/Localizable.strings; sourceTree = "<group>"; };
		CE58681725F8AA4D00A84BB8 /* vi */ = {isa = PBXFileReference; lastKnownFileType = text.plist.strings; name = vi; path = vi.lproj/Main.strings; sourceTree = "<group>"; };
		CE58681825F8AA4D00A84BB8 /* vi */ = {isa = PBXFileReference; lastKnownFileType = text.plist.strings; name = vi; path = vi.lproj/LaunchScreen.strings; sourceTree = "<group>"; };
		CE58681925F8AA4D00A84BB8 /* vi */ = {isa = PBXFileReference; lastKnownFileType = text.plist.strings; name = vi; path = vi.lproj/Localizable.strings; sourceTree = "<group>"; };
		CE58681A25F8AAA600A84BB8 /* VTLocalizedString.swift */ = {isa = PBXFileReference; lastKnownFileType = sourcecode.swift; path = VTLocalizedString.swift; sourceTree = "<group>"; };
		CE58681C25F8AECD00A84BB8 /* Header.h */ = {isa = PBXFileReference; lastKnownFileType = sourcecode.c.h; path = Header.h; sourceTree = "<group>"; };
		CE58682825F8C13C00A84BB8 /* LoginViewController.swift */ = {isa = PBXFileReference; lastKnownFileType = sourcecode.swift; path = LoginViewController.swift; sourceTree = "<group>"; };
		CE58682A25F8C1A000A84BB8 /* ParticleScene.sks */ = {isa = PBXFileReference; lastKnownFileType = file.sks; path = ParticleScene.sks; sourceTree = "<group>"; };
		CE58682D25F8C1B300A84BB8 /* ParticleScene.swift */ = {isa = PBXFileReference; lastKnownFileType = sourcecode.swift; path = ParticleScene.swift; sourceTree = "<group>"; };
		CE58682F25F8D04C00A84BB8 /* UserDefaultKey.swift */ = {isa = PBXFileReference; lastKnownFileType = sourcecode.swift; path = UserDefaultKey.swift; sourceTree = "<group>"; };
		CE59D07A21E6EF1A0007FA42 /* Meal.swift */ = {isa = PBXFileReference; lastKnownFileType = sourcecode.swift; path = Meal.swift; sourceTree = "<group>"; };
		CE65097B25F9B67400C6FC17 /* EdamamFoodAndGroceryDatabaseVC.swift */ = {isa = PBXFileReference; lastKnownFileType = sourcecode.swift; path = EdamamFoodAndGroceryDatabaseVC.swift; sourceTree = "<group>"; };
		CE65097D25F9B75F00C6FC17 /* BaseRouter.swift */ = {isa = PBXFileReference; lastKnownFileType = sourcecode.swift; path = BaseRouter.swift; sourceTree = "<group>"; };
		CE65097F25F9BA3100C6FC17 /* WIFI.swift */ = {isa = PBXFileReference; lastKnownFileType = sourcecode.swift; path = WIFI.swift; sourceTree = "<group>"; };
		CE65098325F9D44900C6FC17 /* SubRouter.swift */ = {isa = PBXFileReference; lastKnownFileType = sourcecode.swift; path = SubRouter.swift; sourceTree = "<group>"; };
		CE65098525F9F03000C6FC17 /* Network.swift */ = {isa = PBXFileReference; lastKnownFileType = sourcecode.swift; path = Network.swift; sourceTree = "<group>"; };
		CE65098725F9F0EA00C6FC17 /* URL.swift */ = {isa = PBXFileReference; lastKnownFileType = sourcecode.swift; path = URL.swift; sourceTree = "<group>"; };
		CE9110C121E5FD7A00F777F4 /* RatingControl.swift */ = {isa = PBXFileReference; lastKnownFileType = sourcecode.swift; path = RatingControl.swift; sourceTree = "<group>"; };
		CEF41E4C25F7248D007928A6 /* MealTableViewCell.xib */ = {isa = PBXFileReference; lastKnownFileType = file.xib; path = MealTableViewCell.xib; sourceTree = "<group>"; };
		CEF41E5025F72508007928A6 /* UIView.swift */ = {isa = PBXFileReference; lastKnownFileType = sourcecode.swift; path = UIView.swift; sourceTree = "<group>"; };
		CEF41E5225F72524007928A6 /* BaseTableViewCell.swift */ = {isa = PBXFileReference; lastKnownFileType = sourcecode.swift; path = BaseTableViewCell.swift; sourceTree = "<group>"; };
		CEF41E5425F72530007928A6 /* BaseViewController.swift */ = {isa = PBXFileReference; lastKnownFileType = sourcecode.swift; path = BaseViewController.swift; sourceTree = "<group>"; };
		CEF41E5625F72638007928A6 /* NewMealViewController.swift */ = {isa = PBXFileReference; lastKnownFileType = sourcecode.swift; path = NewMealViewController.swift; sourceTree = "<group>"; };
		CEF41E5825F72BCC007928A6 /* Storyboard.swift */ = {isa = PBXFileReference; lastKnownFileType = sourcecode.swift; path = Storyboard.swift; sourceTree = "<group>"; };
		CEF41E5B25F74268007928A6 /* MealTableViewController.swift */ = {isa = PBXFileReference; lastKnownFileType = sourcecode.swift; path = MealTableViewController.swift; sourceTree = "<group>"; };
		CEF41E5E25F754E9007928A6 /* MealModel.swift */ = {isa = PBXFileReference; lastKnownFileType = sourcecode.swift; path = MealModel.swift; sourceTree = "<group>"; };
		CEF41E6025F757F8007928A6 /* Results.swift */ = {isa = PBXFileReference; lastKnownFileType = sourcecode.swift; path = Results.swift; sourceTree = "<group>"; };
		CEF41E6225F76233007928A6 /* String.swift */ = {isa = PBXFileReference; lastKnownFileType = sourcecode.swift; path = String.swift; sourceTree = "<group>"; };
		CEF41E6425F77274007928A6 /* BaseAlert.storyboard */ = {isa = PBXFileReference; lastKnownFileType = file.storyboard; path = BaseAlert.storyboard; sourceTree = "<group>"; };
		CEF41E6625F772A4007928A6 /* ShowAlertViewController.swift */ = {isa = PBXFileReference; lastKnownFileType = sourcecode.swift; path = ShowAlertViewController.swift; sourceTree = "<group>"; };
		CEF41E6825F772C6007928A6 /* AlertService.swift */ = {isa = PBXFileReference; lastKnownFileType = sourcecode.swift; path = AlertService.swift; sourceTree = "<group>"; };
		CEF41E6A25F772EB007928A6 /* ShowAlertWithConfirm.swift */ = {isa = PBXFileReference; lastKnownFileType = sourcecode.swift; path = ShowAlertWithConfirm.swift; sourceTree = "<group>"; };
		D4D13859FC1DA254A420B843 /* Pods_FoodTracker_FoodTrackerUITests.framework */ = {isa = PBXFileReference; explicitFileType = wrapper.framework; includeInIndex = 0; path = Pods_FoodTracker_FoodTrackerUITests.framework; sourceTree = BUILT_PRODUCTS_DIR; };
		DD511B6DAAE14A1EC00ED217 /* Pods-FoodTracker-FoodTrackerUITests.debug.xcconfig */ = {isa = PBXFileReference; includeInIndex = 1; lastKnownFileType = text.xcconfig; name = "Pods-FoodTracker-FoodTrackerUITests.debug.xcconfig"; path = "Target Support Files/Pods-FoodTracker-FoodTrackerUITests/Pods-FoodTracker-FoodTrackerUITests.debug.xcconfig"; sourceTree = "<group>"; };
		ECBB2FC1AACAC018A91F80ED /* Pods-FoodTracker.debug.xcconfig */ = {isa = PBXFileReference; includeInIndex = 1; lastKnownFileType = text.xcconfig; name = "Pods-FoodTracker.debug.xcconfig"; path = "Target Support Files/Pods-FoodTracker/Pods-FoodTracker.debug.xcconfig"; sourceTree = "<group>"; };
/* End PBXFileReference section */

/* Begin PBXFrameworksBuildPhase section */
		18259DCD21E58BF700F0DA66 /* Frameworks */ = {
			isa = PBXFrameworksBuildPhase;
			buildActionMask = 2147483647;
			files = (
				B2A32E0BB74BB43DC2AFEA8E /* Pods_FoodTracker.framework in Frameworks */,
			);
			runOnlyForDeploymentPostprocessing = 0;
		};
		18259DE121E58BF900F0DA66 /* Frameworks */ = {
			isa = PBXFrameworksBuildPhase;
			buildActionMask = 2147483647;
			files = (
				9BA392F2CF443BD059F6251C /* Pods_FoodTrackerTests.framework in Frameworks */,
			);
			runOnlyForDeploymentPostprocessing = 0;
		};
		18259DEC21E58BF900F0DA66 /* Frameworks */ = {
			isa = PBXFrameworksBuildPhase;
			buildActionMask = 2147483647;
			files = (
				D79B0CB945CEE28C54CC1458 /* Pods_FoodTracker_FoodTrackerUITests.framework in Frameworks */,
			);
			runOnlyForDeploymentPostprocessing = 0;
		};
/* End PBXFrameworksBuildPhase section */

/* Begin PBXGroup section */
		18259DC721E58BF700F0DA66 = {
			isa = PBXGroup;
			children = (
				18259DD221E58BF800F0DA66 /* FoodTracker */,
				18259DE721E58BF900F0DA66 /* FoodTrackerTests */,
				18259DF221E58BF900F0DA66 /* FoodTrackerUITests */,
				18259DD121E58BF800F0DA66 /* Products */,
				75334EBA14BF451FCDF3969F /* Pods */,
				F34BDA876A71E162EE022B59 /* Frameworks */,
			);
			sourceTree = "<group>";
		};
		18259DD121E58BF800F0DA66 /* Products */ = {
			isa = PBXGroup;
			children = (
				18259DD021E58BF800F0DA66 /* FoodTracker.app */,
				18259DE421E58BF900F0DA66 /* FoodTrackerTests.xctest */,
				18259DEF21E58BF900F0DA66 /* FoodTrackerUITests.xctest */,
			);
			name = Products;
			sourceTree = "<group>";
		};
		18259DD221E58BF800F0DA66 /* FoodTracker */ = {
			isa = PBXGroup;
			children = (
				18259DD321E58BF800F0DA66 /* AppDelegate.swift */,
				CE9110C121E5FD7A00F777F4 /* RatingControl.swift */,
				CE58681625F8AA3300A84BB8 /* Localizable.strings */,
				CE58680425F8A92F00A84BB8 /* Localize */,
				CEF41E5D25F754DC007928A6 /* Model */,
				CEF41E5A25F732B4007928A6 /* Controller */,
				CE59D07A21E6EF1A0007FA42 /* Meal.swift */,
				CEF41E5825F72BCC007928A6 /* Storyboard.swift */,
				CE58682F25F8D04C00A84BB8 /* UserDefaultKey.swift */,
				CE65097D25F9B75F00C6FC17 /* BaseRouter.swift */,
				CE65097F25F9BA3100C6FC17 /* WIFI.swift */,
				CE65098325F9D44900C6FC17 /* SubRouter.swift */,
				CE65098525F9F03000C6FC17 /* Network.swift */,
				CEF41E4F25F724E1007928A6 /* Extension */,
				CEF41E4E25F724AF007928A6 /* Base */,
				CEF41E4B25F72477007928A6 /* MealTableViewCell */,
				18259DD721E58BF800F0DA66 /* Main.storyboard */,
				18259DDA21E58BF900F0DA66 /* Assets.xcassets */,
				18259DDC21E58BF900F0DA66 /* LaunchScreen.storyboard */,
				18259DDF21E58BF900F0DA66 /* Info.plist */,
			);
			path = FoodTracker;
			sourceTree = "<group>";
		};
		18259DE721E58BF900F0DA66 /* FoodTrackerTests */ = {
			isa = PBXGroup;
			children = (
				18259DE821E58BF900F0DA66 /* FoodTrackerTests.swift */,
				18259DEA21E58BF900F0DA66 /* Info.plist */,
			);
			path = FoodTrackerTests;
			sourceTree = "<group>";
		};
		18259DF221E58BF900F0DA66 /* FoodTrackerUITests */ = {
			isa = PBXGroup;
			children = (
				18259DF321E58BF900F0DA66 /* FoodTrackerUITests.swift */,
				18259DF521E58BF900F0DA66 /* Info.plist */,
			);
			path = FoodTrackerUITests;
			sourceTree = "<group>";
		};
		75334EBA14BF451FCDF3969F /* Pods */ = {
			isa = PBXGroup;
			children = (
				ECBB2FC1AACAC018A91F80ED /* Pods-FoodTracker.debug.xcconfig */,
				B09EC83754FE5895307235E7 /* Pods-FoodTracker.release.xcconfig */,
				DD511B6DAAE14A1EC00ED217 /* Pods-FoodTracker-FoodTrackerUITests.debug.xcconfig */,
				04A7D8941DE92684C61C88EE /* Pods-FoodTracker-FoodTrackerUITests.release.xcconfig */,
				BFBE1E78BB2467962A4EC402 /* Pods-FoodTrackerTests.debug.xcconfig */,
				95D561881AFEFBC6F3982138 /* Pods-FoodTrackerTests.release.xcconfig */,
			);
			path = Pods;
			sourceTree = "<group>";
		};
		CE58680425F8A92F00A84BB8 /* Localize */ = {
			isa = PBXGroup;
			children = (
				CE58680A25F8A9A500A84BB8 /* BundleLocalization.h */,
				CE58680E25F8A9A600A84BB8 /* BundleLocalization.m */,
				CE58680C25F8A9A600A84BB8 /* LocalizationHandlerUtil.h */,
				CE58680B25F8A9A500A84BB8 /* LocalizationHandlerUtil.m */,
				CE58680D25F8A9A600A84BB8 /* NSBundle+Localization.h */,
				CE58680925F8A9A500A84BB8 /* NSBundle+Localization.m */,
				CE58680625F8A95600A84BB8 /* FoodTracker-Bridging-Header.h */,
			);
			path = Localize;
			sourceTree = "<group>";
		};
		CE58682C25F8C1A900A84BB8 /* ParticleScene */ = {
			isa = PBXGroup;
			children = (
				CE58682A25F8C1A000A84BB8 /* ParticleScene.sks */,
				CE58682D25F8C1B300A84BB8 /* ParticleScene.swift */,
			);
			path = ParticleScene;
			sourceTree = "<group>";
		};
		CEF41E4B25F72477007928A6 /* MealTableViewCell */ = {
			isa = PBXGroup;
			children = (
				CE0C4F8E21E725FE002DD904 /* MealTableViewCell.swift */,
				CEF41E4C25F7248D007928A6 /* MealTableViewCell.xib */,
			);
			path = MealTableViewCell;
			sourceTree = "<group>";
		};
		CEF41E4E25F724AF007928A6 /* Base */ = {
			isa = PBXGroup;
			children = (
				CEF41E5225F72524007928A6 /* BaseTableViewCell.swift */,
				CEF41E5425F72530007928A6 /* BaseViewController.swift */,
				CEF41E6825F772C6007928A6 /* AlertService.swift */,
				CEF41E6625F772A4007928A6 /* ShowAlertViewController.swift */,
				CEF41E6A25F772EB007928A6 /* ShowAlertWithConfirm.swift */,
				CEF41E6425F77274007928A6 /* BaseAlert.storyboard */,
				CE58682C25F8C1A900A84BB8 /* ParticleScene */,
			);
			path = Base;
			sourceTree = "<group>";
		};
		CEF41E4F25F724E1007928A6 /* Extension */ = {
			isa = PBXGroup;
			children = (
				CEF41E5025F72508007928A6 /* UIView.swift */,
				CEF41E6025F757F8007928A6 /* Results.swift */,
				CEF41E6225F76233007928A6 /* String.swift */,
				CE58681A25F8AAA600A84BB8 /* VTLocalizedString.swift */,
				CE58681C25F8AECD00A84BB8 /* Header.h */,
				CE65098725F9F0EA00C6FC17 /* URL.swift */,
			);
			path = Extension;
			sourceTree = "<group>";
		};
		CEF41E5A25F732B4007928A6 /* Controller */ = {
			isa = PBXGroup;
			children = (
				CE0C4F9121E728C9002DD904 /* MealTableViewControlle1r.swift */,
				CE58682825F8C13C00A84BB8 /* LoginViewController.swift */,
				18259DD521E58BF800F0DA66 /* MealViewController.swift */,
				CEF41E5625F72638007928A6 /* NewMealViewController.swift */,
				CEF41E5B25F74268007928A6 /* MealTableViewController.swift */,
				CE65097B25F9B67400C6FC17 /* EdamamFoodAndGroceryDatabaseVC.swift */,
			);
			path = Controller;
			sourceTree = "<group>";
		};
		CEF41E5D25F754DC007928A6 /* Model */ = {
			isa = PBXGroup;
			children = (
				CEF41E5E25F754E9007928A6 /* MealModel.swift */,
			);
			path = Model;
			sourceTree = "<group>";
		};
		F34BDA876A71E162EE022B59 /* Frameworks */ = {
			isa = PBXGroup;
			children = (
				C8DDD82F72F50D8015E9F73A /* Pods_FoodTracker.framework */,
				D4D13859FC1DA254A420B843 /* Pods_FoodTracker_FoodTrackerUITests.framework */,
				689C8C40E35AE0B8D24A3302 /* Pods_FoodTrackerTests.framework */,
			);
			name = Frameworks;
			sourceTree = "<group>";
		};
/* End PBXGroup section */

/* Begin PBXNativeTarget section */
		18259DCF21E58BF700F0DA66 /* FoodTracker */ = {
			isa = PBXNativeTarget;
			buildConfigurationList = 18259DF821E58BF900F0DA66 /* Build configuration list for PBXNativeTarget "FoodTracker" */;
			buildPhases = (
				BA905C8154666987FA4E2293 /* [CP] Check Pods Manifest.lock */,
				18259DCC21E58BF700F0DA66 /* Sources */,
				18259DCD21E58BF700F0DA66 /* Frameworks */,
				18259DCE21E58BF700F0DA66 /* Resources */,
				0AA9A21F0B88D4F15DC91F2F /* [CP] Embed Pods Frameworks */,
			);
			buildRules = (
			);
			dependencies = (
			);
			name = FoodTracker;
			productName = FoodTracker;
			productReference = 18259DD021E58BF800F0DA66 /* FoodTracker.app */;
			productType = "com.apple.product-type.application";
		};
		18259DE321E58BF900F0DA66 /* FoodTrackerTests */ = {
			isa = PBXNativeTarget;
			buildConfigurationList = 18259DFB21E58BF900F0DA66 /* Build configuration list for PBXNativeTarget "FoodTrackerTests" */;
			buildPhases = (
				4B7349E2085333D26B7BDB62 /* [CP] Check Pods Manifest.lock */,
				18259DE021E58BF900F0DA66 /* Sources */,
				18259DE121E58BF900F0DA66 /* Frameworks */,
				18259DE221E58BF900F0DA66 /* Resources */,
			);
			buildRules = (
			);
			dependencies = (
				18259DE621E58BF900F0DA66 /* PBXTargetDependency */,
			);
			name = FoodTrackerTests;
			productName = FoodTrackerTests;
			productReference = 18259DE421E58BF900F0DA66 /* FoodTrackerTests.xctest */;
			productType = "com.apple.product-type.bundle.unit-test";
		};
		18259DEE21E58BF900F0DA66 /* FoodTrackerUITests */ = {
			isa = PBXNativeTarget;
			buildConfigurationList = 18259DFE21E58BF900F0DA66 /* Build configuration list for PBXNativeTarget "FoodTrackerUITests" */;
			buildPhases = (
				F79275A221CE8E953DE7B726 /* [CP] Check Pods Manifest.lock */,
				18259DEB21E58BF900F0DA66 /* Sources */,
				18259DEC21E58BF900F0DA66 /* Frameworks */,
				18259DED21E58BF900F0DA66 /* Resources */,
				60F10B1988E54D862F63FF00 /* [CP] Embed Pods Frameworks */,
			);
			buildRules = (
			);
			dependencies = (
				18259DF121E58BF900F0DA66 /* PBXTargetDependency */,
			);
			name = FoodTrackerUITests;
			productName = FoodTrackerUITests;
			productReference = 18259DEF21E58BF900F0DA66 /* FoodTrackerUITests.xctest */;
			productType = "com.apple.product-type.bundle.ui-testing";
		};
/* End PBXNativeTarget section */

/* Begin PBXProject section */
		18259DC821E58BF700F0DA66 /* Project object */ = {
			isa = PBXProject;
			attributes = {
				LastSwiftUpdateCheck = 0940;
				LastUpgradeCheck = 0940;
				ORGANIZATIONNAME = Apple;
				TargetAttributes = {
					18259DCF21E58BF700F0DA66 = {
						CreatedOnToolsVersion = 9.4.1;
						LastSwiftMigration = 1170;
					};
					18259DE321E58BF900F0DA66 = {
						CreatedOnToolsVersion = 9.4.1;
						TestTargetID = 18259DCF21E58BF700F0DA66;
					};
					18259DEE21E58BF900F0DA66 = {
						CreatedOnToolsVersion = 9.4.1;
						TestTargetID = 18259DCF21E58BF700F0DA66;
					};
				};
			};
			buildConfigurationList = 18259DCB21E58BF700F0DA66 /* Build configuration list for PBXProject "FoodTracker" */;
			compatibilityVersion = "Xcode 9.3";
			developmentRegion = en;
			hasScannedForEncodings = 0;
			knownRegions = (
				en,
				Base,
				vi,
			);
			mainGroup = 18259DC721E58BF700F0DA66;
			productRefGroup = 18259DD121E58BF800F0DA66 /* Products */;
			projectDirPath = "";
			projectRoot = "";
			targets = (
				18259DCF21E58BF700F0DA66 /* FoodTracker */,
				18259DE321E58BF900F0DA66 /* FoodTrackerTests */,
				18259DEE21E58BF900F0DA66 /* FoodTrackerUITests */,
			);
		};
/* End PBXProject section */

/* Begin PBXResourcesBuildPhase section */
		18259DCE21E58BF700F0DA66 /* Resources */ = {
			isa = PBXResourcesBuildPhase;
			buildActionMask = 2147483647;
			files = (
				CEF41E4D25F7248D007928A6 /* MealTableViewCell.xib in Resources */,
				CE58681425F8AA3300A84BB8 /* Localizable.strings in Resources */,
				18259DDE21E58BF900F0DA66 /* LaunchScreen.storyboard in Resources */,
				18259DDB21E58BF900F0DA66 /* Assets.xcassets in Resources */,
				CEF41E6525F77274007928A6 /* BaseAlert.storyboard in Resources */,
				CE58682B25F8C1A000A84BB8 /* ParticleScene.sks in Resources */,
				18259DD921E58BF800F0DA66 /* Main.storyboard in Resources */,
			);
			runOnlyForDeploymentPostprocessing = 0;
		};
		18259DE221E58BF900F0DA66 /* Resources */ = {
			isa = PBXResourcesBuildPhase;
			buildActionMask = 2147483647;
			files = (
			);
			runOnlyForDeploymentPostprocessing = 0;
		};
		18259DED21E58BF900F0DA66 /* Resources */ = {
			isa = PBXResourcesBuildPhase;
			buildActionMask = 2147483647;
			files = (
			);
			runOnlyForDeploymentPostprocessing = 0;
		};
/* End PBXResourcesBuildPhase section */

/* Begin PBXShellScriptBuildPhase section */
		0AA9A21F0B88D4F15DC91F2F /* [CP] Embed Pods Frameworks */ = {
			isa = PBXShellScriptBuildPhase;
			buildActionMask = 2147483647;
			files = (
			);
			inputFileListPaths = (
				"${PODS_ROOT}/Target Support Files/Pods-FoodTracker/Pods-FoodTracker-frameworks-${CONFIGURATION}-input-files.xcfilelist",
			);
			name = "[CP] Embed Pods Frameworks";
			outputFileListPaths = (
				"${PODS_ROOT}/Target Support Files/Pods-FoodTracker/Pods-FoodTracker-frameworks-${CONFIGURATION}-output-files.xcfilelist",
			);
			runOnlyForDeploymentPostprocessing = 0;
			shellPath = /bin/sh;
			shellScript = "\"${PODS_ROOT}/Target Support Files/Pods-FoodTracker/Pods-FoodTracker-frameworks.sh\"\n";
			showEnvVarsInLog = 0;
		};
		4B7349E2085333D26B7BDB62 /* [CP] Check Pods Manifest.lock */ = {
			isa = PBXShellScriptBuildPhase;
			buildActionMask = 2147483647;
			files = (
			);
			inputFileListPaths = (
			);
			inputPaths = (
				"${PODS_PODFILE_DIR_PATH}/Podfile.lock",
				"${PODS_ROOT}/Manifest.lock",
			);
			name = "[CP] Check Pods Manifest.lock";
			outputFileListPaths = (
			);
			outputPaths = (
				"$(DERIVED_FILE_DIR)/Pods-FoodTrackerTests-checkManifestLockResult.txt",
			);
			runOnlyForDeploymentPostprocessing = 0;
			shellPath = /bin/sh;
			shellScript = "diff \"${PODS_PODFILE_DIR_PATH}/Podfile.lock\" \"${PODS_ROOT}/Manifest.lock\" > /dev/null\nif [ $? != 0 ] ; then\n    # print error to STDERR\n    echo \"error: The sandbox is not in sync with the Podfile.lock. Run 'pod install' or update your CocoaPods installation.\" >&2\n    exit 1\nfi\n# This output is used by Xcode 'outputs' to avoid re-running this script phase.\necho \"SUCCESS\" > \"${SCRIPT_OUTPUT_FILE_0}\"\n";
			showEnvVarsInLog = 0;
		};
		60F10B1988E54D862F63FF00 /* [CP] Embed Pods Frameworks */ = {
			isa = PBXShellScriptBuildPhase;
			buildActionMask = 2147483647;
			files = (
			);
			inputFileListPaths = (
				"${PODS_ROOT}/Target Support Files/Pods-FoodTracker-FoodTrackerUITests/Pods-FoodTracker-FoodTrackerUITests-frameworks-${CONFIGURATION}-input-files.xcfilelist",
			);
			name = "[CP] Embed Pods Frameworks";
			outputFileListPaths = (
				"${PODS_ROOT}/Target Support Files/Pods-FoodTracker-FoodTrackerUITests/Pods-FoodTracker-FoodTrackerUITests-frameworks-${CONFIGURATION}-output-files.xcfilelist",
			);
			runOnlyForDeploymentPostprocessing = 0;
			shellPath = /bin/sh;
			shellScript = "\"${PODS_ROOT}/Target Support Files/Pods-FoodTracker-FoodTrackerUITests/Pods-FoodTracker-FoodTrackerUITests-frameworks.sh\"\n";
			showEnvVarsInLog = 0;
		};
		BA905C8154666987FA4E2293 /* [CP] Check Pods Manifest.lock */ = {
			isa = PBXShellScriptBuildPhase;
			buildActionMask = 2147483647;
			files = (
			);
			inputFileListPaths = (
			);
			inputPaths = (
				"${PODS_PODFILE_DIR_PATH}/Podfile.lock",
				"${PODS_ROOT}/Manifest.lock",
			);
			name = "[CP] Check Pods Manifest.lock";
			outputFileListPaths = (
			);
			outputPaths = (
				"$(DERIVED_FILE_DIR)/Pods-FoodTracker-checkManifestLockResult.txt",
			);
			runOnlyForDeploymentPostprocessing = 0;
			shellPath = /bin/sh;
			shellScript = "diff \"${PODS_PODFILE_DIR_PATH}/Podfile.lock\" \"${PODS_ROOT}/Manifest.lock\" > /dev/null\nif [ $? != 0 ] ; then\n    # print error to STDERR\n    echo \"error: The sandbox is not in sync with the Podfile.lock. Run 'pod install' or update your CocoaPods installation.\" >&2\n    exit 1\nfi\n# This output is used by Xcode 'outputs' to avoid re-running this script phase.\necho \"SUCCESS\" > \"${SCRIPT_OUTPUT_FILE_0}\"\n";
			showEnvVarsInLog = 0;
		};
		F79275A221CE8E953DE7B726 /* [CP] Check Pods Manifest.lock */ = {
			isa = PBXShellScriptBuildPhase;
			buildActionMask = 2147483647;
			files = (
			);
			inputFileListPaths = (
			);
			inputPaths = (
				"${PODS_PODFILE_DIR_PATH}/Podfile.lock",
				"${PODS_ROOT}/Manifest.lock",
			);
			name = "[CP] Check Pods Manifest.lock";
			outputFileListPaths = (
			);
			outputPaths = (
				"$(DERIVED_FILE_DIR)/Pods-FoodTracker-FoodTrackerUITests-checkManifestLockResult.txt",
			);
			runOnlyForDeploymentPostprocessing = 0;
			shellPath = /bin/sh;
			shellScript = "diff \"${PODS_PODFILE_DIR_PATH}/Podfile.lock\" \"${PODS_ROOT}/Manifest.lock\" > /dev/null\nif [ $? != 0 ] ; then\n    # print error to STDERR\n    echo \"error: The sandbox is not in sync with the Podfile.lock. Run 'pod install' or update your CocoaPods installation.\" >&2\n    exit 1\nfi\n# This output is used by Xcode 'outputs' to avoid re-running this script phase.\necho \"SUCCESS\" > \"${SCRIPT_OUTPUT_FILE_0}\"\n";
			showEnvVarsInLog = 0;
		};
/* End PBXShellScriptBuildPhase section */

/* Begin PBXSourcesBuildPhase section */
		18259DCC21E58BF700F0DA66 /* Sources */ = {
			isa = PBXSourcesBuildPhase;
			buildActionMask = 2147483647;
			files = (
				CE58682E25F8C1B300A84BB8 /* ParticleScene.swift in Sources */,
				CE58681B25F8AAA600A84BB8 /* VTLocalizedString.swift in Sources */,
				CEF41E6725F772A4007928A6 /* ShowAlertViewController.swift in Sources */,
				CE58681025F8A9A600A84BB8 /* LocalizationHandlerUtil.m in Sources */,
				CE58682925F8C13C00A84BB8 /* LoginViewController.swift in Sources */,
				CEF41E5325F72524007928A6 /* BaseTableViewCell.swift in Sources */,
				CEF41E5925F72BCC007928A6 /* Storyboard.swift in Sources */,
				CE65098625F9F03000C6FC17 /* Network.swift in Sources */,
				CE59D07B21E6EF1A0007FA42 /* Meal.swift in Sources */,
				18259DD621E58BF800F0DA66 /* MealViewController.swift in Sources */,
				CE9110C221E5FD7A00F777F4 /* RatingControl.swift in Sources */,
				CE65098425F9D44900C6FC17 /* SubRouter.swift in Sources */,
				CE65097E25F9B75F00C6FC17 /* BaseRouter.swift in Sources */,
				CE65097C25F9B67400C6FC17 /* EdamamFoodAndGroceryDatabaseVC.swift in Sources */,
				CE65098025F9BA3100C6FC17 /* WIFI.swift in Sources */,
				CEF41E5725F72638007928A6 /* NewMealViewController.swift in Sources */,
				CEF41E5125F72508007928A6 /* UIView.swift in Sources */,
				CEF41E5525F72530007928A6 /* BaseViewController.swift in Sources */,
				18259DD421E58BF800F0DA66 /* AppDelegate.swift in Sources */,
				CEF41E5F25F754E9007928A6 /* MealModel.swift in Sources */,
				CEF41E6125F757F8007928A6 /* Results.swift in Sources */,
				CE0C4F9221E728C9002DD904 /* MealTableViewControlle1r.swift in Sources */,
				CE65098825F9F0EA00C6FC17 /* URL.swift in Sources */,
				CEF41E6925F772C6007928A6 /* AlertService.swift in Sources */,
				CE58683025F8D04C00A84BB8 /* UserDefaultKey.swift in Sources */,
				CE58681125F8A9A600A84BB8 /* BundleLocalization.m in Sources */,
				CEF41E6325F76233007928A6 /* String.swift in Sources */,
				CE58680F25F8A9A600A84BB8 /* NSBundle+Localization.m in Sources */,
				CEF41E5C25F74268007928A6 /* MealTableViewController.swift in Sources */,
				CEF41E6B25F772EB007928A6 /* ShowAlertWithConfirm.swift in Sources */,
				CE0C4F8F21E725FE002DD904 /* MealTableViewCell.swift in Sources */,
			);
			runOnlyForDeploymentPostprocessing = 0;
		};
		18259DE021E58BF900F0DA66 /* Sources */ = {
			isa = PBXSourcesBuildPhase;
			buildActionMask = 2147483647;
			files = (
				18259DE921E58BF900F0DA66 /* FoodTrackerTests.swift in Sources */,
			);
			runOnlyForDeploymentPostprocessing = 0;
		};
		18259DEB21E58BF900F0DA66 /* Sources */ = {
			isa = PBXSourcesBuildPhase;
			buildActionMask = 2147483647;
			files = (
				18259DF421E58BF900F0DA66 /* FoodTrackerUITests.swift in Sources */,
			);
			runOnlyForDeploymentPostprocessing = 0;
		};
/* End PBXSourcesBuildPhase section */

/* Begin PBXTargetDependency section */
		18259DE621E58BF900F0DA66 /* PBXTargetDependency */ = {
			isa = PBXTargetDependency;
			target = 18259DCF21E58BF700F0DA66 /* FoodTracker */;
			targetProxy = 18259DE521E58BF900F0DA66 /* PBXContainerItemProxy */;
		};
		18259DF121E58BF900F0DA66 /* PBXTargetDependency */ = {
			isa = PBXTargetDependency;
			target = 18259DCF21E58BF700F0DA66 /* FoodTracker */;
			targetProxy = 18259DF021E58BF900F0DA66 /* PBXContainerItemProxy */;
		};
/* End PBXTargetDependency section */

/* Begin PBXVariantGroup section */
		18259DD721E58BF800F0DA66 /* Main.storyboard */ = {
			isa = PBXVariantGroup;
			children = (
				18259DD821E58BF800F0DA66 /* Base */,
				CE58681725F8AA4D00A84BB8 /* vi */,
			);
			name = Main.storyboard;
			sourceTree = "<group>";
		};
		18259DDC21E58BF900F0DA66 /* LaunchScreen.storyboard */ = {
			isa = PBXVariantGroup;
			children = (
				18259DDD21E58BF900F0DA66 /* Base */,
				CE58681825F8AA4D00A84BB8 /* vi */,
			);
			name = LaunchScreen.storyboard;
			sourceTree = "<group>";
		};
		CE58681625F8AA3300A84BB8 /* Localizable.strings */ = {
			isa = PBXVariantGroup;
			children = (
				CE58681525F8AA3300A84BB8 /* en */,
				CE58681925F8AA4D00A84BB8 /* vi */,
			);
			name = Localizable.strings;
			sourceTree = "<group>";
		};
/* End PBXVariantGroup section */

/* Begin XCBuildConfiguration section */
		18259DF621E58BF900F0DA66 /* Debug */ = {
			isa = XCBuildConfiguration;
			buildSettings = {
				ALWAYS_SEARCH_USER_PATHS = NO;
				CLANG_ANALYZER_LOCALIZABILITY_NONLOCALIZED = YES;
				CLANG_ANALYZER_NONNULL = YES;
				CLANG_ANALYZER_NUMBER_OBJECT_CONVERSION = YES_AGGRESSIVE;
				CLANG_CXX_LANGUAGE_STANDARD = "gnu++14";
				CLANG_CXX_LIBRARY = "libc++";
				CLANG_ENABLE_MODULES = YES;
				CLANG_ENABLE_OBJC_ARC = YES;
				CLANG_ENABLE_OBJC_WEAK = YES;
				CLANG_WARN_BLOCK_CAPTURE_AUTORELEASING = YES;
				CLANG_WARN_BOOL_CONVERSION = YES;
				CLANG_WARN_COMMA = YES;
				CLANG_WARN_CONSTANT_CONVERSION = YES;
				CLANG_WARN_DEPRECATED_OBJC_IMPLEMENTATIONS = YES;
				CLANG_WARN_DIRECT_OBJC_ISA_USAGE = YES_ERROR;
				CLANG_WARN_DOCUMENTATION_COMMENTS = YES;
				CLANG_WARN_EMPTY_BODY = YES;
				CLANG_WARN_ENUM_CONVERSION = YES;
				CLANG_WARN_INFINITE_RECURSION = YES;
				CLANG_WARN_INT_CONVERSION = YES;
				CLANG_WARN_NON_LITERAL_NULL_CONVERSION = YES;
				CLANG_WARN_OBJC_IMPLICIT_RETAIN_SELF = YES;
				CLANG_WARN_OBJC_LITERAL_CONVERSION = YES;
				CLANG_WARN_OBJC_ROOT_CLASS = YES_ERROR;
				CLANG_WARN_RANGE_LOOP_ANALYSIS = YES;
				CLANG_WARN_STRICT_PROTOTYPES = YES;
				CLANG_WARN_SUSPICIOUS_MOVE = YES;
				CLANG_WARN_UNGUARDED_AVAILABILITY = YES_AGGRESSIVE;
				CLANG_WARN_UNREACHABLE_CODE = YES;
				CLANG_WARN__DUPLICATE_METHOD_MATCH = YES;
				CODE_SIGN_IDENTITY = "iPhone Developer";
				COPY_PHASE_STRIP = NO;
				DEBUG_INFORMATION_FORMAT = dwarf;
				ENABLE_STRICT_OBJC_MSGSEND = YES;
				ENABLE_TESTABILITY = YES;
				GCC_C_LANGUAGE_STANDARD = gnu11;
				GCC_DYNAMIC_NO_PIC = NO;
				GCC_NO_COMMON_BLOCKS = YES;
				GCC_OPTIMIZATION_LEVEL = 0;
				GCC_PREPROCESSOR_DEFINITIONS = (
					"DEBUG=1",
					"$(inherited)",
				);
				GCC_WARN_64_TO_32_BIT_CONVERSION = YES;
				GCC_WARN_ABOUT_RETURN_TYPE = YES_ERROR;
				GCC_WARN_UNDECLARED_SELECTOR = YES;
				GCC_WARN_UNINITIALIZED_AUTOS = YES_AGGRESSIVE;
				GCC_WARN_UNUSED_FUNCTION = YES;
				GCC_WARN_UNUSED_VARIABLE = YES;
				IPHONEOS_DEPLOYMENT_TARGET = 11.4;
				MTL_ENABLE_DEBUG_INFO = YES;
				ONLY_ACTIVE_ARCH = YES;
				SDKROOT = iphoneos;
				SWIFT_ACTIVE_COMPILATION_CONDITIONS = DEBUG;
				SWIFT_OPTIMIZATION_LEVEL = "-Onone";
			};
			name = Debug;
		};
		18259DF721E58BF900F0DA66 /* Release */ = {
			isa = XCBuildConfiguration;
			buildSettings = {
				ALWAYS_SEARCH_USER_PATHS = NO;
				CLANG_ANALYZER_LOCALIZABILITY_NONLOCALIZED = YES;
				CLANG_ANALYZER_NONNULL = YES;
				CLANG_ANALYZER_NUMBER_OBJECT_CONVERSION = YES_AGGRESSIVE;
				CLANG_CXX_LANGUAGE_STANDARD = "gnu++14";
				CLANG_CXX_LIBRARY = "libc++";
				CLANG_ENABLE_MODULES = YES;
				CLANG_ENABLE_OBJC_ARC = YES;
				CLANG_ENABLE_OBJC_WEAK = YES;
				CLANG_WARN_BLOCK_CAPTURE_AUTORELEASING = YES;
				CLANG_WARN_BOOL_CONVERSION = YES;
				CLANG_WARN_COMMA = YES;
				CLANG_WARN_CONSTANT_CONVERSION = YES;
				CLANG_WARN_DEPRECATED_OBJC_IMPLEMENTATIONS = YES;
				CLANG_WARN_DIRECT_OBJC_ISA_USAGE = YES_ERROR;
				CLANG_WARN_DOCUMENTATION_COMMENTS = YES;
				CLANG_WARN_EMPTY_BODY = YES;
				CLANG_WARN_ENUM_CONVERSION = YES;
				CLANG_WARN_INFINITE_RECURSION = YES;
				CLANG_WARN_INT_CONVERSION = YES;
				CLANG_WARN_NON_LITERAL_NULL_CONVERSION = YES;
				CLANG_WARN_OBJC_IMPLICIT_RETAIN_SELF = YES;
				CLANG_WARN_OBJC_LITERAL_CONVERSION = YES;
				CLANG_WARN_OBJC_ROOT_CLASS = YES_ERROR;
				CLANG_WARN_RANGE_LOOP_ANALYSIS = YES;
				CLANG_WARN_STRICT_PROTOTYPES = YES;
				CLANG_WARN_SUSPICIOUS_MOVE = YES;
				CLANG_WARN_UNGUARDED_AVAILABILITY = YES_AGGRESSIVE;
				CLANG_WARN_UNREACHABLE_CODE = YES;
				CLANG_WARN__DUPLICATE_METHOD_MATCH = YES;
				CODE_SIGN_IDENTITY = "iPhone Developer";
				COPY_PHASE_STRIP = NO;
				DEBUG_INFORMATION_FORMAT = "dwarf-with-dsym";
				ENABLE_NS_ASSERTIONS = NO;
				ENABLE_STRICT_OBJC_MSGSEND = YES;
				GCC_C_LANGUAGE_STANDARD = gnu11;
				GCC_NO_COMMON_BLOCKS = YES;
				GCC_WARN_64_TO_32_BIT_CONVERSION = YES;
				GCC_WARN_ABOUT_RETURN_TYPE = YES_ERROR;
				GCC_WARN_UNDECLARED_SELECTOR = YES;
				GCC_WARN_UNINITIALIZED_AUTOS = YES_AGGRESSIVE;
				GCC_WARN_UNUSED_FUNCTION = YES;
				GCC_WARN_UNUSED_VARIABLE = YES;
				IPHONEOS_DEPLOYMENT_TARGET = 11.4;
				MTL_ENABLE_DEBUG_INFO = NO;
				SDKROOT = iphoneos;
				SWIFT_COMPILATION_MODE = wholemodule;
				SWIFT_OPTIMIZATION_LEVEL = "-O";
				VALIDATE_PRODUCT = YES;
			};
			name = Release;
		};
		18259DF921E58BF900F0DA66 /* Debug */ = {
			isa = XCBuildConfiguration;
			baseConfigurationReference = ECBB2FC1AACAC018A91F80ED /* Pods-FoodTracker.debug.xcconfig */;
			buildSettings = {
				ASSETCATALOG_COMPILER_APPICON_NAME = AppIcon;
				CLANG_ENABLE_MODULES = YES;
				CODE_SIGN_STYLE = Automatic;
				INFOPLIST_FILE = FoodTracker/Info.plist;
				IPHONEOS_DEPLOYMENT_TARGET = 13.0;
				LD_RUNPATH_SEARCH_PATHS = (
					"$(inherited)",
					"@executable_path/Frameworks",
				);
				PRODUCT_BUNDLE_IDENTIFIER = FoodTracker.FoodTracker;
				PRODUCT_NAME = "$(TARGET_NAME)";
				SWIFT_OBJC_BRIDGING_HEADER = "FoodTracker/Localize/FoodTracker-Bridging-Header.h";
				SWIFT_OPTIMIZATION_LEVEL = "-Onone";
				SWIFT_VERSION = 5.0;
				TARGETED_DEVICE_FAMILY = "1,2";
			};
			name = Debug;
		};
		18259DFA21E58BF900F0DA66 /* Release */ = {
			isa = XCBuildConfiguration;
			baseConfigurationReference = B09EC83754FE5895307235E7 /* Pods-FoodTracker.release.xcconfig */;
			buildSettings = {
				ASSETCATALOG_COMPILER_APPICON_NAME = AppIcon;
				CLANG_ENABLE_MODULES = YES;
				CODE_SIGN_STYLE = Automatic;
				INFOPLIST_FILE = FoodTracker/Info.plist;
				IPHONEOS_DEPLOYMENT_TARGET = 13.0;
				LD_RUNPATH_SEARCH_PATHS = (
					"$(inherited)",
					"@executable_path/Frameworks",
				);
				PRODUCT_BUNDLE_IDENTIFIER = FoodTracker.FoodTracker;
				PRODUCT_NAME = "$(TARGET_NAME)";
				SWIFT_OBJC_BRIDGING_HEADER = "FoodTracker/Localize/FoodTracker-Bridging-Header.h";
				SWIFT_VERSION = 5.0;
				TARGETED_DEVICE_FAMILY = "1,2";
			};
			name = Release;
		};
		18259DFC21E58BF900F0DA66 /* Debug */ = {
			isa = XCBuildConfiguration;
			baseConfigurationReference = BFBE1E78BB2467962A4EC402 /* Pods-FoodTrackerTests.debug.xcconfig */;
			buildSettings = {
				ALWAYS_EMBED_SWIFT_STANDARD_LIBRARIES = YES;
				BUNDLE_LOADER = "$(TEST_HOST)";
				CODE_SIGN_STYLE = Automatic;
				INFOPLIST_FILE = FoodTrackerTests/Info.plist;
				LD_RUNPATH_SEARCH_PATHS = (
					"$(inherited)",
					"@executable_path/Frameworks",
					"@loader_path/Frameworks",
				);
				PRODUCT_BUNDLE_IDENTIFIER = FoodTracker.FoodTrackerTests;
				PRODUCT_NAME = "$(TARGET_NAME)";
				SWIFT_VERSION = 5.0;
				TARGETED_DEVICE_FAMILY = "1,2";
				TEST_HOST = "$(BUILT_PRODUCTS_DIR)/FoodTracker.app/FoodTracker";
			};
			name = Debug;
		};
		18259DFD21E58BF900F0DA66 /* Release */ = {
			isa = XCBuildConfiguration;
			baseConfigurationReference = 95D561881AFEFBC6F3982138 /* Pods-FoodTrackerTests.release.xcconfig */;
			buildSettings = {
				ALWAYS_EMBED_SWIFT_STANDARD_LIBRARIES = YES;
				BUNDLE_LOADER = "$(TEST_HOST)";
				CODE_SIGN_STYLE = Automatic;
				INFOPLIST_FILE = FoodTrackerTests/Info.plist;
				LD_RUNPATH_SEARCH_PATHS = (
					"$(inherited)",
					"@executable_path/Frameworks",
					"@loader_path/Frameworks",
				);
				PRODUCT_BUNDLE_IDENTIFIER = FoodTracker.FoodTrackerTests;
				PRODUCT_NAME = "$(TARGET_NAME)";
				SWIFT_VERSION = 5.0;
				TARGETED_DEVICE_FAMILY = "1,2";
				TEST_HOST = "$(BUILT_PRODUCTS_DIR)/FoodTracker.app/FoodTracker";
			};
			name = Release;
		};
		18259DFF21E58BF900F0DA66 /* Debug */ = {
			isa = XCBuildConfiguration;
			baseConfigurationReference = DD511B6DAAE14A1EC00ED217 /* Pods-FoodTracker-FoodTrackerUITests.debug.xcconfig */;
			buildSettings = {
				ALWAYS_EMBED_SWIFT_STANDARD_LIBRARIES = YES;
				CODE_SIGN_STYLE = Automatic;
				INFOPLIST_FILE = FoodTrackerUITests/Info.plist;
				LD_RUNPATH_SEARCH_PATHS = (
					"$(inherited)",
					"@executable_path/Frameworks",
					"@loader_path/Frameworks",
				);
				PRODUCT_BUNDLE_IDENTIFIER = FoodTracker.FoodTrackerUITests;
				PRODUCT_NAME = "$(TARGET_NAME)";
				SWIFT_VERSION = 5.0;
				TARGETED_DEVICE_FAMILY = "1,2";
				TEST_TARGET_NAME = FoodTracker;
			};
			name = Debug;
		};
		18259E0021E58BF900F0DA66 /* Release */ = {
			isa = XCBuildConfiguration;
			baseConfigurationReference = 04A7D8941DE92684C61C88EE /* Pods-FoodTracker-FoodTrackerUITests.release.xcconfig */;
			buildSettings = {
				ALWAYS_EMBED_SWIFT_STANDARD_LIBRARIES = YES;
				CODE_SIGN_STYLE = Automatic;
				INFOPLIST_FILE = FoodTrackerUITests/Info.plist;
				LD_RUNPATH_SEARCH_PATHS = (
					"$(inherited)",
					"@executable_path/Frameworks",
					"@loader_path/Frameworks",
				);
				PRODUCT_BUNDLE_IDENTIFIER = FoodTracker.FoodTrackerUITests;
				PRODUCT_NAME = "$(TARGET_NAME)";
				SWIFT_VERSION = 5.0;
				TARGETED_DEVICE_FAMILY = "1,2";
				TEST_TARGET_NAME = FoodTracker;
			};
			name = Release;
		};
/* End XCBuildConfiguration section */

/* Begin XCConfigurationList section */
		18259DCB21E58BF700F0DA66 /* Build configuration list for PBXProject "FoodTracker" */ = {
			isa = XCConfigurationList;
			buildConfigurations = (
				18259DF621E58BF900F0DA66 /* Debug */,
				18259DF721E58BF900F0DA66 /* Release */,
			);
			defaultConfigurationIsVisible = 0;
			defaultConfigurationName = Release;
		};
		18259DF821E58BF900F0DA66 /* Build configuration list for PBXNativeTarget "FoodTracker" */ = {
			isa = XCConfigurationList;
			buildConfigurations = (
				18259DF921E58BF900F0DA66 /* Debug */,
				18259DFA21E58BF900F0DA66 /* Release */,
			);
			defaultConfigurationIsVisible = 0;
			defaultConfigurationName = Release;
		};
		18259DFB21E58BF900F0DA66 /* Build configuration list for PBXNativeTarget "FoodTrackerTests" */ = {
			isa = XCConfigurationList;
			buildConfigurations = (
				18259DFC21E58BF900F0DA66 /* Debug */,
				18259DFD21E58BF900F0DA66 /* Release */,
			);
			defaultConfigurationIsVisible = 0;
			defaultConfigurationName = Release;
		};
		18259DFE21E58BF900F0DA66 /* Build configuration list for PBXNativeTarget "FoodTrackerUITests" */ = {
			isa = XCConfigurationList;
			buildConfigurations = (
				18259DFF21E58BF900F0DA66 /* Debug */,
				18259E0021E58BF900F0DA66 /* Release */,
			);
			defaultConfigurationIsVisible = 0;
			defaultConfigurationName = Release;
		};
/* End XCConfigurationList section */
	};
	rootObject = 18259DC821E58BF700F0DA66 /* Project object */;
}
